{
  "name": "dz-cert-utils",
  "version": "1.0.0",
  "lockfileVersion": 1,
  "requires": true,
  "dependencies": {
    "dz-date-utils": {
      "version": "0.1.1",
      "resolved": "https://registry.npmjs.org/dz-date-utils/-/dz-date-utils-0.1.1.tgz",
      "integrity": "sha1-4fJv7LPpeCPGhN0pQYnUBBsbydA=",
      "dev": true
    },
    "dz-timer-utils": {
      "version": "0.1.2",
      "resolved": "https://registry.npmjs.org/dz-timer-utils/-/dz-timer-utils-0.1.2.tgz",
      "integrity": "sha1-JdnyPHwjjI3ubhm2OeXmgUSSP34=",
      "dev": true
    },
    "node-forge": {
      "version": "0.7.5",
      "resolved": "https://registry.npmjs.org/node-forge/-/node-forge-0.7.5.tgz",
      "integrity": "sha512-MmbQJ2MTESTjt3Gi/3yG1wGpIMhUfcIypUCGtTizFR9IiccFwxSpfp0vtIZlkFclEqERemxfnSdZEMR9VqqEFQ=="
    }
  }
}
